// !$*UTF8*$!
{
	archiveVersion = 1;
	classes = {
	};
	objectVersion = 50;
	objects = {

/* Begin PBXBuildFile section */
		9521616422BACB290054F63E /* AjoutPersonneControler.swift in Sources */ = {isa = PBXBuildFile; fileRef = 9521616322BACB290054F63E /* AjoutPersonneControler.swift */; };
		9521616622BC1B620054F63E /* JoueurCell.swift in Sources */ = {isa = PBXBuildFile; fileRef = 9521616522BC1B620054F63E /* JoueurCell.swift */; };
		95274CC222CE9A5900BF91C0 /* Shared.swift in Sources */ = {isa = PBXBuildFile; fileRef = 95274CC122CE9A5900BF91C0 /* Shared.swift */; };
		953536F422CA93D500CFF83C /* Personne.swift in Sources */ = {isa = PBXBuildFile; fileRef = 953536F322CA93D500CFF83C /* Personne.swift */; };
		95363CDE22C29B6F00CBAC02 /* JeuResultat.swift in Sources */ = {isa = PBXBuildFile; fileRef = 95363CDD22C29B6F00CBAC02 /* JeuResultat.swift */; };
		95363CE022C29F5A00CBAC02 /* NSManagedObjectExtension.swift in Sources */ = {isa = PBXBuildFile; fileRef = 95363CDF22C29F5A00CBAC02 /* NSManagedObjectExtension.swift */; };
		95363CE222C3D96600CBAC02 /* PointsJeuCell.swift in Sources */ = {isa = PBXBuildFile; fileRef = 95363CE122C3D96600CBAC02 /* PointsJeuCell.swift */; };
		95363CE422C3DBB000CBAC02 /* PointsJeuxController.swift in Sources */ = {isa = PBXBuildFile; fileRef = 95363CE322C3DBB000CBAC02 /* PointsJeuxController.swift */; };
		953788A622BE82F000AA9F46 /* NouvellePartieController.swift in Sources */ = {isa = PBXBuildFile; fileRef = 953788A522BE82F000AA9F46 /* NouvellePartieController.swift */; };
		95517DFA22B441CB00ECD1FC /* ExampleStruct.swift in Sources */ = {isa = PBXBuildFile; fileRef = 95517DF922B441CB00ECD1FC /* ExampleStruct.swift */; };
		95517DFC22B53BEC00ECD1FC /* SliderPoints.swift in Sources */ = {isa = PBXBuildFile; fileRef = 95517DFB22B53BEC00ECD1FC /* SliderPoints.swift */; };
		95517DFE22B7BA1F00ECD1FC /* Structure comptage jeu.swift in Sources */ = {isa = PBXBuildFile; fileRef = 95517DFD22B7BA1F00ECD1FC /* Structure comptage jeu.swift */; };
		9558CB9D22B95ABF00C2C3B5 /* PersonneController.swift in Sources */ = {isa = PBXBuildFile; fileRef = 9558CB9C22B95ABF00C2C3B5 /* PersonneController.swift */; };
		955C129322D9020900DAC5F0 /* Partie.swift in Sources */ = {isa = PBXBuildFile; fileRef = 955C129222D9020900DAC5F0 /* Partie.swift */; };
		955C129522D902BE00DAC5F0 /* Joueur.swift in Sources */ = {isa = PBXBuildFile; fileRef = 955C129422D902BE00DAC5F0 /* Joueur.swift */; };
		955C129722D9034B00DAC5F0 /* JeuJoueur.swift in Sources */ = {isa = PBXBuildFile; fileRef = 955C129622D9034B00DAC5F0 /* JeuJoueur.swift */; };
		955ECF7B22FEB8C2009FABC5 /* LabelPoints.swift in Sources */ = {isa = PBXBuildFile; fileRef = 955ECF7A22FEB8C2009FABC5 /* LabelPoints.swift */; };
		95A004BA22EBB9EE00DB741D /* Data.swift in Sources */ = {isa = PBXBuildFile; fileRef = 95A004B922EBB9EE00DB741D /* Data.swift */; };
		95A004BC22EC829600DB741D /* PartieController.swift in Sources */ = {isa = PBXBuildFile; fileRef = 95A004BB22EC829600DB741D /* PartieController.swift */; };
		95A004BE22EC839700DB741D /* PersonneCell.swift in Sources */ = {isa = PBXBuildFile; fileRef = 95A004BD22EC839700DB741D /* PersonneCell.swift */; };
		95A004C022EC86F600DB741D /* AjoutPersonneControllerExtension.swift in Sources */ = {isa = PBXBuildFile; fileRef = 95A004BF22EC86F600DB741D /* AjoutPersonneControllerExtension.swift */; };
		95A004C222EC898100DB741D /* ParticipantCell.swift in Sources */ = {isa = PBXBuildFile; fileRef = 95A004C122EC898100DB741D /* ParticipantCell.swift */; };
		95A004C422EC8A7600DB741D /* JeuResultatControllerExtension.swift in Sources */ = {isa = PBXBuildFile; fileRef = 95A004C322EC8A7600DB741D /* JeuResultatControllerExtension.swift */; };
		95A004C822EC8EE200DB741D /* ParticipantController.swift in Sources */ = {isa = PBXBuildFile; fileRef = 95A004C722EC8EE200DB741D /* ParticipantController.swift */; };
		95A004CA22ECC62D00DB741D /* JeuCell.swift in Sources */ = {isa = PBXBuildFile; fileRef = 95A004C922ECC62D00DB741D /* JeuCell.swift */; };
		95A004CD22F07ABC00DB741D /* GestionJoueurs.swift in Sources */ = {isa = PBXBuildFile; fileRef = 95A004CC22F07ABC00DB741D /* GestionJoueurs.swift */; };
		95A5DB3022B2A156007F3729 /* AppDelegate.swift in Sources */ = {isa = PBXBuildFile; fileRef = 95A5DB2F22B2A156007F3729 /* AppDelegate.swift */; };
		95A5DB3222B2A156007F3729 /* AccueilsssController.swift in Sources */ = {isa = PBXBuildFile; fileRef = 95A5DB3122B2A156007F3729 /* AccueilsssController.swift */; };
		95A5DB3522B2A156007F3729 /* Main.storyboard in Resources */ = {isa = PBXBuildFile; fileRef = 95A5DB3322B2A156007F3729 /* Main.storyboard */; };
		95A5DB3822B2A156007F3729 /* Tarot.xcdatamodeld in Sources */ = {isa = PBXBuildFile; fileRef = 95A5DB3622B2A156007F3729 /* Tarot.xcdatamodeld */; };
		95A5DB3A22B2A157007F3729 /* Assets.xcassets in Resources */ = {isa = PBXBuildFile; fileRef = 95A5DB3922B2A157007F3729 /* Assets.xcassets */; };
		95A5DB3D22B2A157007F3729 /* LaunchScreen.storyboard in Resources */ = {isa = PBXBuildFile; fileRef = 95A5DB3B22B2A157007F3729 /* LaunchScreen.storyboard */; };
		95A5DB4822B2A157007F3729 /* TarotTests.swift in Sources */ = {isa = PBXBuildFile; fileRef = 95A5DB4722B2A157007F3729 /* TarotTests.swift */; };
		95A5DB5922B2A4B1007F3729 /* Constantes.swift in Sources */ = {isa = PBXBuildFile; fileRef = 95A5DB5822B2A4B1007F3729 /* Constantes.swift */; };
		95A5DB5B22B2B5EF007F3729 /* ImageArrondie.swift in Sources */ = {isa = PBXBuildFile; fileRef = 95A5DB5A22B2B5EF007F3729 /* ImageArrondie.swift */; };
		95A5DB5D22B2B66C007F3729 /* BoutonArrondi.swift in Sources */ = {isa = PBXBuildFile; fileRef = 95A5DB5C22B2B66C007F3729 /* BoutonArrondi.swift */; };
		95A8B9A72303286900C93332 /* ParametresController.swift in Sources */ = {isa = PBXBuildFile; fileRef = 95A8B9A62303286900C93332 /* ParametresController.swift */; };
		95BD3CA222B2F71300A2C183 /* JeuResultatController.swift in Sources */ = {isa = PBXBuildFile; fileRef = 95BD3CA122B2F71300A2C183 /* JeuResultatController.swift */; };
		95EF561C230033FB00B9E1E9 /* PartieControllerExtension.swift in Sources */ = {isa = PBXBuildFile; fileRef = 95EF561B230033FB00B9E1E9 /* PartieControllerExtension.swift */; };
/* End PBXBuildFile section */

/* Begin PBXContainerItemProxy section */
		95363C8122BEAB9F00CBAC02 /* PBXContainerItemProxy */ = {
			isa = PBXContainerItemProxy;
			containerPortal = 95363C7D22BEAB9F00CBAC02 /* SwipeCellKit.xcodeproj */;
			proxyType = 2;
			remoteGlobalIDString = 3F234AC31E44A7A400E22A38;
			remoteInfo = SwipeCellKit;
		};
		95A5DB4422B2A157007F3729 /* PBXContainerItemProxy */ = {
			isa = PBXContainerItemProxy;
			containerPortal = 95A5DB2422B2A156007F3729 /* Project object */;
			proxyType = 1;
			remoteGlobalIDString = 95A5DB2B22B2A156007F3729;
			remoteInfo = Tarot;
		};
/* End PBXContainerItemProxy section */

/* Begin PBXCopyFilesBuildPhase section */
		95363C7322BEA88200CBAC02 /* Embed App Extensions */ = {
			isa = PBXCopyFilesBuildPhase;
			buildActionMask = 2147483647;
			dstPath = "";
			dstSubfolderSpec = 13;
			files = (
			);
			name = "Embed App Extensions";
			runOnlyForDeploymentPostprocessing = 0;
		};
/* End PBXCopyFilesBuildPhase section */

/* Begin PBXFileReference section */
		9521616322BACB290054F63E /* AjoutPersonneControler.swift */ = {isa = PBXFileReference; lastKnownFileType = sourcecode.swift; path = AjoutPersonneControler.swift; sourceTree = "<group>"; };
		9521616522BC1B620054F63E /* JoueurCell.swift */ = {isa = PBXFileReference; lastKnownFileType = sourcecode.swift; path = JoueurCell.swift; sourceTree = "<group>"; xcLanguageSpecificationIdentifier = xcode.lang.swift; };
		95274CC122CE9A5900BF91C0 /* Shared.swift */ = {isa = PBXFileReference; lastKnownFileType = sourcecode.swift; path = Shared.swift; sourceTree = "<group>"; };
		953536F322CA93D500CFF83C /* Personne.swift */ = {isa = PBXFileReference; lastKnownFileType = sourcecode.swift; path = Personne.swift; sourceTree = "<group>"; };
		95363C7D22BEAB9F00CBAC02 /* SwipeCellKit.xcodeproj */ = {isa = PBXFileReference; lastKnownFileType = "wrapper.pb-project"; name = SwipeCellKit.xcodeproj; path = SwipeCellKit/SwipeCellKit.xcodeproj; sourceTree = "<group>"; };
		95363CDD22C29B6F00CBAC02 /* JeuResultat.swift */ = {isa = PBXFileReference; lastKnownFileType = sourcecode.swift; path = JeuResultat.swift; sourceTree = "<group>"; };
		95363CDF22C29F5A00CBAC02 /* NSManagedObjectExtension.swift */ = {isa = PBXFileReference; lastKnownFileType = sourcecode.swift; path = NSManagedObjectExtension.swift; sourceTree = "<group>"; };
		95363CE122C3D96600CBAC02 /* PointsJeuCell.swift */ = {isa = PBXFileReference; lastKnownFileType = sourcecode.swift; path = PointsJeuCell.swift; sourceTree = "<group>"; };
		95363CE322C3DBB000CBAC02 /* PointsJeuxController.swift */ = {isa = PBXFileReference; lastKnownFileType = sourcecode.swift; path = PointsJeuxController.swift; sourceTree = "<group>"; };
		953788A522BE82F000AA9F46 /* NouvellePartieController.swift */ = {isa = PBXFileReference; lastKnownFileType = sourcecode.swift; path = NouvellePartieController.swift; sourceTree = "<group>"; };
		95517DF922B441CB00ECD1FC /* ExampleStruct.swift */ = {isa = PBXFileReference; lastKnownFileType = sourcecode.swift; path = ExampleStruct.swift; sourceTree = "<group>"; };
		95517DFB22B53BEC00ECD1FC /* SliderPoints.swift */ = {isa = PBXFileReference; lastKnownFileType = sourcecode.swift; path = SliderPoints.swift; sourceTree = "<group>"; };
		95517DFD22B7BA1F00ECD1FC /* Structure comptage jeu.swift */ = {isa = PBXFileReference; lastKnownFileType = sourcecode.swift; path = "Structure comptage jeu.swift"; sourceTree = "<group>"; };
		9558CB9C22B95ABF00C2C3B5 /* PersonneController.swift */ = {isa = PBXFileReference; lastKnownFileType = sourcecode.swift; path = PersonneController.swift; sourceTree = "<group>"; xcLanguageSpecificationIdentifier = xcode.lang.swift; };
		955C129222D9020900DAC5F0 /* Partie.swift */ = {isa = PBXFileReference; lastKnownFileType = sourcecode.swift; path = Partie.swift; sourceTree = "<group>"; };
		955C129422D902BE00DAC5F0 /* Joueur.swift */ = {isa = PBXFileReference; lastKnownFileType = sourcecode.swift; path = Joueur.swift; sourceTree = "<group>"; };
		955C129622D9034B00DAC5F0 /* JeuJoueur.swift */ = {isa = PBXFileReference; lastKnownFileType = sourcecode.swift; path = JeuJoueur.swift; sourceTree = "<group>"; };
		955ECF7A22FEB8C2009FABC5 /* LabelPoints.swift */ = {isa = PBXFileReference; lastKnownFileType = sourcecode.swift; path = LabelPoints.swift; sourceTree = "<group>"; };
		95A004B922EBB9EE00DB741D /* Data.swift */ = {isa = PBXFileReference; lastKnownFileType = sourcecode.swift; path = Data.swift; sourceTree = "<group>"; };
		95A004BB22EC829600DB741D /* PartieController.swift */ = {isa = PBXFileReference; lastKnownFileType = sourcecode.swift; path = PartieController.swift; sourceTree = "<group>"; };
		95A004BD22EC839700DB741D /* PersonneCell.swift */ = {isa = PBXFileReference; lastKnownFileType = sourcecode.swift; path = PersonneCell.swift; sourceTree = "<group>"; };
		95A004BF22EC86F600DB741D /* AjoutPersonneControllerExtension.swift */ = {isa = PBXFileReference; lastKnownFileType = sourcecode.swift; path = AjoutPersonneControllerExtension.swift; sourceTree = "<group>"; };
		95A004C122EC898100DB741D /* ParticipantCell.swift */ = {isa = PBXFileReference; lastKnownFileType = sourcecode.swift; path = ParticipantCell.swift; sourceTree = "<group>"; };
		95A004C322EC8A7600DB741D /* JeuResultatControllerExtension.swift */ = {isa = PBXFileReference; lastKnownFileType = sourcecode.swift; path = JeuResultatControllerExtension.swift; sourceTree = "<group>"; };
		95A004C722EC8EE200DB741D /* ParticipantController.swift */ = {isa = PBXFileReference; lastKnownFileType = sourcecode.swift; path = ParticipantController.swift; sourceTree = "<group>"; };
		95A004C922ECC62D00DB741D /* JeuCell.swift */ = {isa = PBXFileReference; lastKnownFileType = sourcecode.swift; path = JeuCell.swift; sourceTree = "<group>"; };
		95A004CC22F07ABC00DB741D /* GestionJoueurs.swift */ = {isa = PBXFileReference; lastKnownFileType = sourcecode.swift; path = GestionJoueurs.swift; sourceTree = "<group>"; };
		95A5DB2C22B2A156007F3729 /* Tarot.app */ = {isa = PBXFileReference; explicitFileType = wrapper.application; includeInIndex = 0; path = Tarot.app; sourceTree = BUILT_PRODUCTS_DIR; };
		95A5DB2F22B2A156007F3729 /* AppDelegate.swift */ = {isa = PBXFileReference; lastKnownFileType = sourcecode.swift; path = AppDelegate.swift; sourceTree = "<group>"; };
		95A5DB3122B2A156007F3729 /* AccueilsssController.swift */ = {isa = PBXFileReference; lastKnownFileType = sourcecode.swift; path = AccueilsssController.swift; sourceTree = "<group>"; };
		95A5DB3422B2A156007F3729 /* Base */ = {isa = PBXFileReference; lastKnownFileType = file.storyboard; name = Base; path = Base.lproj/Main.storyboard; sourceTree = "<group>"; };
		95A5DB3722B2A156007F3729 /* Tarot.xcdatamodel */ = {isa = PBXFileReference; lastKnownFileType = wrapper.xcdatamodel; path = Tarot.xcdatamodel; sourceTree = "<group>"; };
		95A5DB3922B2A157007F3729 /* Assets.xcassets */ = {isa = PBXFileReference; lastKnownFileType = folder.assetcatalog; path = Assets.xcassets; sourceTree = "<group>"; };
		95A5DB3C22B2A157007F3729 /* Base */ = {isa = PBXFileReference; lastKnownFileType = file.storyboard; name = Base; path = Base.lproj/LaunchScreen.storyboard; sourceTree = "<group>"; };
		95A5DB3E22B2A157007F3729 /* Info.plist */ = {isa = PBXFileReference; lastKnownFileType = text.plist.xml; path = Info.plist; sourceTree = "<group>"; };
		95A5DB4322B2A157007F3729 /* TarotTests.xctest */ = {isa = PBXFileReference; explicitFileType = wrapper.cfbundle; includeInIndex = 0; path = TarotTests.xctest; sourceTree = BUILT_PRODUCTS_DIR; };
		95A5DB4722B2A157007F3729 /* TarotTests.swift */ = {isa = PBXFileReference; lastKnownFileType = sourcecode.swift; path = TarotTests.swift; sourceTree = "<group>"; };
		95A5DB4922B2A157007F3729 /* Info.plist */ = {isa = PBXFileReference; lastKnownFileType = text.plist.xml; path = Info.plist; sourceTree = "<group>"; };
		95A5DB5822B2A4B1007F3729 /* Constantes.swift */ = {isa = PBXFileReference; lastKnownFileType = sourcecode.swift; path = Constantes.swift; sourceTree = "<group>"; };
		95A5DB5A22B2B5EF007F3729 /* ImageArrondie.swift */ = {isa = PBXFileReference; lastKnownFileType = sourcecode.swift; path = ImageArrondie.swift; sourceTree = "<group>"; };
		95A5DB5C22B2B66C007F3729 /* BoutonArrondi.swift */ = {isa = PBXFileReference; lastKnownFileType = sourcecode.swift; path = BoutonArrondi.swift; sourceTree = "<group>"; };
		95A8B9A62303286900C93332 /* ParametresController.swift */ = {isa = PBXFileReference; lastKnownFileType = sourcecode.swift; path = ParametresController.swift; sourceTree = "<group>"; };
		95BD3CA122B2F71300A2C183 /* JeuResultatController.swift */ = {isa = PBXFileReference; lastKnownFileType = sourcecode.swift; path = JeuResultatController.swift; sourceTree = "<group>"; xcLanguageSpecificationIdentifier = xcode.lang.swift; };
		95EF561B230033FB00B9E1E9 /* PartieControllerExtension.swift */ = {isa = PBXFileReference; lastKnownFileType = sourcecode.swift; path = PartieControllerExtension.swift; sourceTree = "<group>"; };
/* End PBXFileReference section */

/* Begin PBXFrameworksBuildPhase section */
		95A5DB2922B2A156007F3729 /* Frameworks */ = {
			isa = PBXFrameworksBuildPhase;
			buildActionMask = 2147483647;
			files = (
			);
			runOnlyForDeploymentPostprocessing = 0;
		};
		95A5DB4022B2A157007F3729 /* Frameworks */ = {
			isa = PBXFrameworksBuildPhase;
			buildActionMask = 2147483647;
			files = (
			);
			runOnlyForDeploymentPostprocessing = 0;
		};
/* End PBXFrameworksBuildPhase section */

/* Begin PBXGroup section */
		95274CBF22CC087300BF91C0 /* Jeux */ = {
			isa = PBXGroup;
			children = (
				95A004C322EC8A7600DB741D /* JeuResultatControllerExtension.swift */,
				95BD3CA122B2F71300A2C183 /* JeuResultatController.swift */,
				95363CE322C3DBB000CBAC02 /* PointsJeuxController.swift */,
			);
			name = Jeux;
			sourceTree = "<group>";
		};
		95363C7A22BEAB7400CBAC02 /* Frameworks */ = {
			isa = PBXGroup;
			children = (
				95363C7D22BEAB9F00CBAC02 /* SwipeCellKit.xcodeproj */,
			);
			name = Frameworks;
			sourceTree = "<group>";
		};
		95363C7E22BEAB9F00CBAC02 /* Products */ = {
			isa = PBXGroup;
			children = (
				95363C8222BEAB9F00CBAC02 /* SwipeCellKit.framework */,
			);
			name = Products;
			sourceTree = "<group>";
		};
		959B15D122F72CD700C0674A /* Parties */ = {
			isa = PBXGroup;
			children = (
				953788A522BE82F000AA9F46 /* NouvellePartieController.swift */,
				95A004C722EC8EE200DB741D /* ParticipantController.swift */,
				95A004BB22EC829600DB741D /* PartieController.swift */,
				95EF561B230033FB00B9E1E9 /* PartieControllerExtension.swift */,
			);
			name = Parties;
			sourceTree = "<group>";
		};
		95A5DB2322B2A156007F3729 = {
			isa = PBXGroup;
			children = (
				95A5DB2E22B2A156007F3729 /* Tarot */,
				95A5DB4622B2A157007F3729 /* TarotTests */,
				95A5DB2D22B2A156007F3729 /* Products */,
				95363C7A22BEAB7400CBAC02 /* Frameworks */,
			);
			sourceTree = "<group>";
		};
		95A5DB2D22B2A156007F3729 /* Products */ = {
			isa = PBXGroup;
			children = (
				95A5DB2C22B2A156007F3729 /* Tarot.app */,
				95A5DB4322B2A157007F3729 /* TarotTests.xctest */,
			);
			name = Products;
			sourceTree = "<group>";
		};
		95A5DB2E22B2A156007F3729 /* Tarot */ = {
			isa = PBXGroup;
			children = (
				95A5DB5222B2A28D007F3729 /* Utilitaire */,
				95A5DB5422B2A2CC007F3729 /* Model */,
				95A5DB5522B2A2E5007F3729 /* View */,
				95A5DB5622B2A2F8007F3729 /* Controller */,
				95A5DB3122B2A156007F3729 /* AccueilsssController.swift */,
				95A5DB5722B2A30F007F3729 /* Storyboard */,
				95A5DB3922B2A157007F3729 /* Assets.xcassets */,
				95A5DB2F22B2A156007F3729 /* AppDelegate.swift */,
				95A5DB3E22B2A157007F3729 /* Info.plist */,
			);
			path = Tarot;
			sourceTree = "<group>";
		};
		95A5DB4622B2A157007F3729 /* TarotTests */ = {
			isa = PBXGroup;
			children = (
				95A5DB4722B2A157007F3729 /* TarotTests.swift */,
				95A5DB4922B2A157007F3729 /* Info.plist */,
			);
			path = TarotTests;
			sourceTree = "<group>";
		};
		95A5DB5222B2A28D007F3729 /* Utilitaire */ = {
			isa = PBXGroup;
			children = (
				95A5DB5822B2A4B1007F3729 /* Constantes.swift */,
				95517DF922B441CB00ECD1FC /* ExampleStruct.swift */,
				95274CC122CE9A5900BF91C0 /* Shared.swift */,
			);
			path = Utilitaire;
			sourceTree = "<group>";
		};
		95A5DB5422B2A2CC007F3729 /* Model */ = {
			isa = PBXGroup;
			children = (
				95A5DB3622B2A156007F3729 /* Tarot.xcdatamodeld */,
				95A004B922EBB9EE00DB741D /* Data.swift */,
				95517DFD22B7BA1F00ECD1FC /* Structure comptage jeu.swift */,
				95363CDD22C29B6F00CBAC02 /* JeuResultat.swift */,
				95363CDF22C29F5A00CBAC02 /* NSManagedObjectExtension.swift */,
				953536F322CA93D500CFF83C /* Personne.swift */,
				955C129222D9020900DAC5F0 /* Partie.swift */,
				955C129422D902BE00DAC5F0 /* Joueur.swift */,
				955C129622D9034B00DAC5F0 /* JeuJoueur.swift */,
				95A004CC22F07ABC00DB741D /* GestionJoueurs.swift */,
			);
			path = Model;
			sourceTree = "<group>";
		};
		95A5DB5522B2A2E5007F3729 /* View */ = {
			isa = PBXGroup;
			children = (
				95A5DB5A22B2B5EF007F3729 /* ImageArrondie.swift */,
				95A5DB5C22B2B66C007F3729 /* BoutonArrondi.swift */,
				95517DFB22B53BEC00ECD1FC /* SliderPoints.swift */,
				9521616522BC1B620054F63E /* JoueurCell.swift */,
				95A004C122EC898100DB741D /* ParticipantCell.swift */,
				95363CE122C3D96600CBAC02 /* PointsJeuCell.swift */,
				95A004BD22EC839700DB741D /* PersonneCell.swift */,
				95A004C922ECC62D00DB741D /* JeuCell.swift */,
				955ECF7A22FEB8C2009FABC5 /* LabelPoints.swift */,
			);
			path = View;
			sourceTree = "<group>";
		};
		95A5DB5622B2A2F8007F3729 /* Controller */ = {
			isa = PBXGroup;
			children = (
				95B43A8222CAA3AD00B9EB7D /* Personnes */,
				95274CBF22CC087300BF91C0 /* Jeux */,
				959B15D122F72CD700C0674A /* Parties */,
				95A8B9A62303286900C93332 /* ParametresController.swift */,
			);
			path = Controller;
			sourceTree = "<group>";
		};
		95A5DB5722B2A30F007F3729 /* Storyboard */ = {
			isa = PBXGroup;
			children = (
				95A5DB3B22B2A157007F3729 /* LaunchScreen.storyboard */,
				95A5DB3322B2A156007F3729 /* Main.storyboard */,
			);
			path = Storyboard;
			sourceTree = "<group>";
		};
		95B43A8222CAA3AD00B9EB7D /* Personnes */ = {
			isa = PBXGroup;
			children = (
				9558CB9C22B95ABF00C2C3B5 /* PersonneController.swift */,
				9521616322BACB290054F63E /* AjoutPersonneControler.swift */,
				95A004BF22EC86F600DB741D /* AjoutPersonneControllerExtension.swift */,
			);
			name = Personnes;
			sourceTree = "<group>";
		};
/* End PBXGroup section */

/* Begin PBXNativeTarget section */
		95A5DB2B22B2A156007F3729 /* Tarot */ = {
			isa = PBXNativeTarget;
			buildConfigurationList = 95A5DB4C22B2A157007F3729 /* Build configuration list for PBXNativeTarget "Tarot" */;
			buildPhases = (
				95A5DB2822B2A156007F3729 /* Sources */,
				95A5DB2922B2A156007F3729 /* Frameworks */,
				95A5DB2A22B2A156007F3729 /* Resources */,
				95363C7322BEA88200CBAC02 /* Embed App Extensions */,
			);
			buildRules = (
			);
			dependencies = (
			);
			name = Tarot;
			productName = Tarot;
			productReference = 95A5DB2C22B2A156007F3729 /* Tarot.app */;
			productType = "com.apple.product-type.application";
		};
		95A5DB4222B2A157007F3729 /* TarotTests */ = {
			isa = PBXNativeTarget;
			buildConfigurationList = 95A5DB4F22B2A157007F3729 /* Build configuration list for PBXNativeTarget "TarotTests" */;
			buildPhases = (
				95A5DB3F22B2A157007F3729 /* Sources */,
				95A5DB4022B2A157007F3729 /* Frameworks */,
				95A5DB4122B2A157007F3729 /* Resources */,
			);
			buildRules = (
			);
			dependencies = (
				95A5DB4522B2A157007F3729 /* PBXTargetDependency */,
			);
			name = TarotTests;
			productName = TarotTests;
			productReference = 95A5DB4322B2A157007F3729 /* TarotTests.xctest */;
			productType = "com.apple.product-type.bundle.unit-test";
		};
/* End PBXNativeTarget section */

/* Begin PBXProject section */
		95A5DB2422B2A156007F3729 /* Project object */ = {
			isa = PBXProject;
			attributes = {
				LastSwiftUpdateCheck = 1020;
				LastUpgradeCheck = 1020;
				ORGANIZATIONNAME = "Serge Gori";
				TargetAttributes = {
					95A5DB2B22B2A156007F3729 = {
						CreatedOnToolsVersion = 10.2.1;
					};
					95A5DB4222B2A157007F3729 = {
						CreatedOnToolsVersion = 10.2.1;
						TestTargetID = 95A5DB2B22B2A156007F3729;
					};
				};
			};
			buildConfigurationList = 95A5DB2722B2A156007F3729 /* Build configuration list for PBXProject "Tarot" */;
			compatibilityVersion = "Xcode 9.3";
			developmentRegion = en;
			hasScannedForEncodings = 0;
			knownRegions = (
				en,
				Base,
			);
			mainGroup = 95A5DB2322B2A156007F3729;
			productRefGroup = 95A5DB2D22B2A156007F3729 /* Products */;
			projectDirPath = "";
			projectReferences = (
				{
					ProductGroup = 95363C7E22BEAB9F00CBAC02 /* Products */;
					ProjectRef = 95363C7D22BEAB9F00CBAC02 /* SwipeCellKit.xcodeproj */;
				},
			);
			projectRoot = "";
			targets = (
				95A5DB2B22B2A156007F3729 /* Tarot */,
				95A5DB4222B2A157007F3729 /* TarotTests */,
			);
		};
/* End PBXProject section */

/* Begin PBXReferenceProxy section */
		95363C8222BEAB9F00CBAC02 /* SwipeCellKit.framework */ = {
			isa = PBXReferenceProxy;
			fileType = wrapper.framework;
			path = SwipeCellKit.framework;
			remoteRef = 95363C8122BEAB9F00CBAC02 /* PBXContainerItemProxy */;
			sourceTree = BUILT_PRODUCTS_DIR;
		};
/* End PBXReferenceProxy section */

/* Begin PBXResourcesBuildPhase section */
		95A5DB2A22B2A156007F3729 /* Resources */ = {
			isa = PBXResourcesBuildPhase;
			buildActionMask = 2147483647;
			files = (
				95A5DB3D22B2A157007F3729 /* LaunchScreen.storyboard in Resources */,
				95A5DB3A22B2A157007F3729 /* Assets.xcassets in Resources */,
				95A5DB3522B2A156007F3729 /* Main.storyboard in Resources */,
			);
			runOnlyForDeploymentPostprocessing = 0;
		};
		95A5DB4122B2A157007F3729 /* Resources */ = {
			isa = PBXResourcesBuildPhase;
			buildActionMask = 2147483647;
			files = (
			);
			runOnlyForDeploymentPostprocessing = 0;
		};
/* End PBXResourcesBuildPhase section */

/* Begin PBXSourcesBuildPhase section */
		95A5DB2822B2A156007F3729 /* Sources */ = {
			isa = PBXSourcesBuildPhase;
			buildActionMask = 2147483647;
			files = (
				955C129322D9020900DAC5F0 /* Partie.swift in Sources */,
				95A004BA22EBB9EE00DB741D /* Data.swift in Sources */,
				95274CC222CE9A5900BF91C0 /* Shared.swift in Sources */,
				95A004BC22EC829600DB741D /* PartieController.swift in Sources */,
				95EF561C230033FB00B9E1E9 /* PartieControllerExtension.swift in Sources */,
				95A5DB5B22B2B5EF007F3729 /* ImageArrondie.swift in Sources */,
				95363CE222C3D96600CBAC02 /* PointsJeuCell.swift in Sources */,
				9521616422BACB290054F63E /* AjoutPersonneControler.swift in Sources */,
				95A5DB3222B2A156007F3729 /* AccueilsssController.swift in Sources */,
				95363CDE22C29B6F00CBAC02 /* JeuResultat.swift in Sources */,
				955C129722D9034B00DAC5F0 /* JeuJoueur.swift in Sources */,
				95A5DB5D22B2B66C007F3729 /* BoutonArrondi.swift in Sources */,
				95A5DB5922B2A4B1007F3729 /* Constantes.swift in Sources */,
				95517DFE22B7BA1F00ECD1FC /* Structure comptage jeu.swift in Sources */,
				955ECF7B22FEB8C2009FABC5 /* LabelPoints.swift in Sources */,
				95A004CA22ECC62D00DB741D /* JeuCell.swift in Sources */,
				953788A622BE82F000AA9F46 /* NouvellePartieController.swift in Sources */,
				95A004C222EC898100DB741D /* ParticipantCell.swift in Sources */,
				95A5DB3822B2A156007F3729 /* Tarot.xcdatamodeld in Sources */,
				953536F422CA93D500CFF83C /* Personne.swift in Sources */,
				95A5DB3022B2A156007F3729 /* AppDelegate.swift in Sources */,
				95BD3CA222B2F71300A2C183 /* JeuResultatController.swift in Sources */,
				95517DFC22B53BEC00ECD1FC /* SliderPoints.swift in Sources */,
				95A004CD22F07ABC00DB741D /* GestionJoueurs.swift in Sources */,
				95A004BE22EC839700DB741D /* PersonneCell.swift in Sources */,
				95363CE422C3DBB000CBAC02 /* PointsJeuxController.swift in Sources */,
				95A004C422EC8A7600DB741D /* JeuResultatControllerExtension.swift in Sources */,
				95A004C822EC8EE200DB741D /* ParticipantController.swift in Sources */,
				95517DFA22B441CB00ECD1FC /* ExampleStruct.swift in Sources */,
				955C129522D902BE00DAC5F0 /* Joueur.swift in Sources */,
				9558CB9D22B95ABF00C2C3B5 /* PersonneController.swift in Sources */,
				95A8B9A72303286900C93332 /* ParametresController.swift in Sources */,
				95A004C022EC86F600DB741D /* AjoutPersonneControllerExtension.swift in Sources */,
				9521616622BC1B620054F63E /* JoueurCell.swift in Sources */,
				95363CE022C29F5A00CBAC02 /* NSManagedObjectExtension.swift in Sources */,
			);
			runOnlyForDeploymentPostprocessing = 0;
		};
		95A5DB3F22B2A157007F3729 /* Sources */ = {
			isa = PBXSourcesBuildPhase;
			buildActionMask = 2147483647;
			files = (
				95A5DB4822B2A157007F3729 /* TarotTests.swift in Sources */,
			);
			runOnlyForDeploymentPostprocessing = 0;
		};
/* End PBXSourcesBuildPhase section */

/* Begin PBXTargetDependency section */
		95A5DB4522B2A157007F3729 /* PBXTargetDependency */ = {
			isa = PBXTargetDependency;
			target = 95A5DB2B22B2A156007F3729 /* Tarot */;
			targetProxy = 95A5DB4422B2A157007F3729 /* PBXContainerItemProxy */;
		};
/* End PBXTargetDependency section */

/* Begin PBXVariantGroup section */
		95A5DB3322B2A156007F3729 /* Main.storyboard */ = {
			isa = PBXVariantGroup;
			children = (
				95A5DB3422B2A156007F3729 /* Base */,
			);
			name = Main.storyboard;
			sourceTree = "<group>";
		};
		95A5DB3B22B2A157007F3729 /* LaunchScreen.storyboard */ = {
			isa = PBXVariantGroup;
			children = (
				95A5DB3C22B2A157007F3729 /* Base */,
			);
			name = LaunchScreen.storyboard;
			sourceTree = "<group>";
		};
/* End PBXVariantGroup section */

/* Begin XCBuildConfiguration section */
		95A5DB4A22B2A157007F3729 /* Debug */ = {
			isa = XCBuildConfiguration;
			buildSettings = {
				ALWAYS_SEARCH_USER_PATHS = NO;
				CLANG_ANALYZER_NONNULL = YES;
				CLANG_ANALYZER_NUMBER_OBJECT_CONVERSION = YES_AGGRESSIVE;
				CLANG_CXX_LANGUAGE_STANDARD = "gnu++14";
				CLANG_CXX_LIBRARY = "libc++";
				CLANG_ENABLE_MODULES = YES;
				CLANG_ENABLE_OBJC_ARC = YES;
				CLANG_ENABLE_OBJC_WEAK = YES;
				CLANG_WARN_BLOCK_CAPTURE_AUTORELEASING = YES;
				CLANG_WARN_BOOL_CONVERSION = YES;
				CLANG_WARN_COMMA = YES;
				CLANG_WARN_CONSTANT_CONVERSION = YES;
				CLANG_WARN_DEPRECATED_OBJC_IMPLEMENTATIONS = YES;
				CLANG_WARN_DIRECT_OBJC_ISA_USAGE = YES_ERROR;
				CLANG_WARN_DOCUMENTATION_COMMENTS = YES;
				CLANG_WARN_EMPTY_BODY = YES;
				CLANG_WARN_ENUM_CONVERSION = YES;
				CLANG_WARN_INFINITE_RECURSION = YES;
				CLANG_WARN_INT_CONVERSION = YES;
				CLANG_WARN_NON_LITERAL_NULL_CONVERSION = YES;
				CLANG_WARN_OBJC_IMPLICIT_RETAIN_SELF = YES;
				CLANG_WARN_OBJC_LITERAL_CONVERSION = YES;
				CLANG_WARN_OBJC_ROOT_CLASS = YES_ERROR;
				CLANG_WARN_RANGE_LOOP_ANALYSIS = YES;
				CLANG_WARN_STRICT_PROTOTYPES = YES;
				CLANG_WARN_SUSPICIOUS_MOVE = YES;
				CLANG_WARN_UNGUARDED_AVAILABILITY = YES_AGGRESSIVE;
				CLANG_WARN_UNREACHABLE_CODE = YES;
				CLANG_WARN__DUPLICATE_METHOD_MATCH = YES;
				CODE_SIGN_IDENTITY = "iPhone Developer";
				COPY_PHASE_STRIP = NO;
				DEBUG_INFORMATION_FORMAT = dwarf;
				ENABLE_STRICT_OBJC_MSGSEND = YES;
				ENABLE_TESTABILITY = YES;
				GCC_C_LANGUAGE_STANDARD = gnu11;
				GCC_DYNAMIC_NO_PIC = NO;
				GCC_NO_COMMON_BLOCKS = YES;
				GCC_OPTIMIZATION_LEVEL = 0;
				GCC_PREPROCESSOR_DEFINITIONS = (
					"DEBUG=1",
					"$(inherited)",
				);
				GCC_WARN_64_TO_32_BIT_CONVERSION = YES;
				GCC_WARN_ABOUT_RETURN_TYPE = YES_ERROR;
				GCC_WARN_UNDECLARED_SELECTOR = YES;
				GCC_WARN_UNINITIALIZED_AUTOS = YES_AGGRESSIVE;
				GCC_WARN_UNUSED_FUNCTION = YES;
				GCC_WARN_UNUSED_VARIABLE = YES;
				IPHONEOS_DEPLOYMENT_TARGET = 12.4;
				MTL_ENABLE_DEBUG_INFO = INCLUDE_SOURCE;
				MTL_FAST_MATH = YES;
				ONLY_ACTIVE_ARCH = YES;
				SDKROOT = iphoneos;
				SWIFT_ACTIVE_COMPILATION_CONDITIONS = DEBUG;
				SWIFT_OPTIMIZATION_LEVEL = "-Onone";
			};
			name = Debug;
		};
		95A5DB4B22B2A157007F3729 /* Release */ = {
			isa = XCBuildConfiguration;
			buildSettings = {
				ALWAYS_SEARCH_USER_PATHS = NO;
				CLANG_ANALYZER_NONNULL = YES;
				CLANG_ANALYZER_NUMBER_OBJECT_CONVERSION = YES_AGGRESSIVE;
				CLANG_CXX_LANGUAGE_STANDARD = "gnu++14";
				CLANG_CXX_LIBRARY = "libc++";
				CLANG_ENABLE_MODULES = YES;
				CLANG_ENABLE_OBJC_ARC = YES;
				CLANG_ENABLE_OBJC_WEAK = YES;
				CLANG_WARN_BLOCK_CAPTURE_AUTORELEASING = YES;
				CLANG_WARN_BOOL_CONVERSION = YES;
				CLANG_WARN_COMMA = YES;
				CLANG_WARN_CONSTANT_CONVERSION = YES;
				CLANG_WARN_DEPRECATED_OBJC_IMPLEMENTATIONS = YES;
				CLANG_WARN_DIRECT_OBJC_ISA_USAGE = YES_ERROR;
				CLANG_WARN_DOCUMENTATION_COMMENTS = YES;
				CLANG_WARN_EMPTY_BODY = YES;
				CLANG_WARN_ENUM_CONVERSION = YES;
				CLANG_WARN_INFINITE_RECURSION = YES;
				CLANG_WARN_INT_CONVERSION = YES;
				CLANG_WARN_NON_LITERAL_NULL_CONVERSION = YES;
				CLANG_WARN_OBJC_IMPLICIT_RETAIN_SELF = YES;
				CLANG_WARN_OBJC_LITERAL_CONVERSION = YES;
				CLANG_WARN_OBJC_ROOT_CLASS = YES_ERROR;
				CLANG_WARN_RANGE_LOOP_ANALYSIS = YES;
				CLANG_WARN_STRICT_PROTOTYPES = YES;
				CLANG_WARN_SUSPICIOUS_MOVE = YES;
				CLANG_WARN_UNGUARDED_AVAILABILITY = YES_AGGRESSIVE;
				CLANG_WARN_UNREACHABLE_CODE = YES;
				CLANG_WARN__DUPLICATE_METHOD_MATCH = YES;
				CODE_SIGN_IDENTITY = "iPhone Developer";
				COPY_PHASE_STRIP = NO;
				DEBUG_INFORMATION_FORMAT = "dwarf-with-dsym";
				ENABLE_NS_ASSERTIONS = NO;
				ENABLE_STRICT_OBJC_MSGSEND = YES;
				GCC_C_LANGUAGE_STANDARD = gnu11;
				GCC_NO_COMMON_BLOCKS = YES;
				GCC_WARN_64_TO_32_BIT_CONVERSION = YES;
				GCC_WARN_ABOUT_RETURN_TYPE = YES_ERROR;
				GCC_WARN_UNDECLARED_SELECTOR = YES;
				GCC_WARN_UNINITIALIZED_AUTOS = YES_AGGRESSIVE;
				GCC_WARN_UNUSED_FUNCTION = YES;
				GCC_WARN_UNUSED_VARIABLE = YES;
				IPHONEOS_DEPLOYMENT_TARGET = 12.4;
				MTL_ENABLE_DEBUG_INFO = NO;
				MTL_FAST_MATH = YES;
				SDKROOT = iphoneos;
				SWIFT_COMPILATION_MODE = wholemodule;
				SWIFT_OPTIMIZATION_LEVEL = "-O";
				VALIDATE_PRODUCT = YES;
			};
			name = Release;
		};
		95A5DB4D22B2A157007F3729 /* Debug */ = {
			isa = XCBuildConfiguration;
			buildSettings = {
				ASSETCATALOG_COMPILER_APPICON_NAME = AppIcon;
				CODE_SIGN_IDENTITY = "iPhone Developer";
				CODE_SIGN_STYLE = Automatic;
				DEVELOPMENT_TEAM = J35ANBCXN6;
				INFOPLIST_FILE = Tarot/Info.plist;
				IPHONEOS_DEPLOYMENT_TARGET = 12.4;
				LD_RUNPATH_SEARCH_PATHS = (
					"$(inherited)",
					"@executable_path/Frameworks",
				);
				PRODUCT_BUNDLE_IDENTIFIER = fr.filament13.Tarot;
				PRODUCT_NAME = "$(TARGET_NAME)";
				PROVISIONING_PROFILE_SPECIFIER = "";
				SWIFT_VERSION = 5.0;
				TARGETED_DEVICE_FAMILY = "1,2";
			};
			name = Debug;
		};
		95A5DB4E22B2A157007F3729 /* Release */ = {
			isa = XCBuildConfiguration;
			buildSettings = {
				ASSETCATALOG_COMPILER_APPICON_NAME = AppIcon;
				CODE_SIGN_IDENTITY = "iPhone Developer";
				CODE_SIGN_STYLE = Automatic;
				DEVELOPMENT_TEAM = J35ANBCXN6;
				INFOPLIST_FILE = Tarot/Info.plist;
				IPHONEOS_DEPLOYMENT_TARGET = 12.4;
				LD_RUNPATH_SEARCH_PATHS = (
					"$(inherited)",
					"@executable_path/Frameworks",
				);
				PRODUCT_BUNDLE_IDENTIFIER = fr.filament13.Tarot;
				PRODUCT_NAME = "$(TARGET_NAME)";
				PROVISIONING_PROFILE_SPECIFIER = "";
				SWIFT_VERSION = 5.0;
				TARGETED_DEVICE_FAMILY = "1,2";
			};
			name = Release;
		};
		95A5DB5022B2A157007F3729 /* Debug */ = {
			isa = XCBuildConfiguration;
			buildSettings = {
				ALWAYS_EMBED_SWIFT_STANDARD_LIBRARIES = YES;
				BUNDLE_LOADER = "$(TEST_HOST)";
				CODE_SIGN_STYLE = Automatic;
				DEVELOPMENT_TEAM = J35ANBCXN6;
				INFOPLIST_FILE = TarotTests/Info.plist;
				LD_RUNPATH_SEARCH_PATHS = (
					"$(inherited)",
					"@executable_path/Frameworks",
					"@loader_path/Frameworks",
				);
				PRODUCT_BUNDLE_IDENTIFIER = fr.filament13.TarotTests;
				PRODUCT_NAME = "$(TARGET_NAME)";
				SWIFT_VERSION = 5.0;
				TARGETED_DEVICE_FAMILY = "1,2";
				TEST_HOST = "$(BUILT_PRODUCTS_DIR)/Tarot.app/Tarot";
			};
			name = Debug;
		};
		95A5DB5122B2A157007F3729 /* Release */ = {
			isa = XCBuildConfiguration;
			buildSettings = {
				ALWAYS_EMBED_SWIFT_STANDARD_LIBRARIES = YES;
				BUNDLE_LOADER = "$(TEST_HOST)";
				CODE_SIGN_STYLE = Automatic;
				DEVELOPMENT_TEAM = J35ANBCXN6;
				INFOPLIST_FILE = TarotTests/Info.plist;
				LD_RUNPATH_SEARCH_PATHS = (
					"$(inherited)",
					"@executable_path/Frameworks",
					"@loader_path/Frameworks",
				);
				PRODUCT_BUNDLE_IDENTIFIER = fr.filament13.TarotTests;
				PRODUCT_NAME = "$(TARGET_NAME)";
				SWIFT_VERSION = 5.0;
				TARGETED_DEVICE_FAMILY = "1,2";
				TEST_HOST = "$(BUILT_PRODUCTS_DIR)/Tarot.app/Tarot";
			};
			name = Release;
		};
/* End XCBuildConfiguration section */

/* Begin XCConfigurationList section */
		95A5DB2722B2A156007F3729 /* Build configuration list for PBXProject "Tarot" */ = {
			isa = XCConfigurationList;
			buildConfigurations = (
				95A5DB4A22B2A157007F3729 /* Debug */,
				95A5DB4B22B2A157007F3729 /* Release */,
			);
			defaultConfigurationIsVisible = 0;
			defaultConfigurationName = Release;
		};
		95A5DB4C22B2A157007F3729 /* Build configuration list for PBXNativeTarget "Tarot" */ = {
			isa = XCConfigurationList;
			buildConfigurations = (
				95A5DB4D22B2A157007F3729 /* Debug */,
				95A5DB4E22B2A157007F3729 /* Release */,
			);
			defaultConfigurationIsVisible = 0;
			defaultConfigurationName = Release;
		};
		95A5DB4F22B2A157007F3729 /* Build configuration list for PBXNativeTarget "TarotTests" */ = {
			isa = XCConfigurationList;
			buildConfigurations = (
				95A5DB5022B2A157007F3729 /* Debug */,
				95A5DB5122B2A157007F3729 /* Release */,
			);
			defaultConfigurationIsVisible = 0;
			defaultConfigurationName = Release;
		};
/* End XCConfigurationList section */

/* Begin XCVersionGroup section */
		95A5DB3622B2A156007F3729 /* Tarot.xcdatamodeld */ = {
			isa = XCVersionGroup;
			children = (
				95A5DB3722B2A156007F3729 /* Tarot.xcdatamodel */,
			);
			currentVersion = 95A5DB3722B2A156007F3729 /* Tarot.xcdatamodel */;
			path = Tarot.xcdatamodeld;
			sourceTree = "<group>";
			versionGroupType = wrapper.xcdatamodel;
		};
/* End XCVersionGroup section */
	};
	rootObject = 95A5DB2422B2A156007F3729 /* Project object */;
}
